// !$*UTF8*$!
{
	archiveVersion = 1;
	classes = {
	};
	objectVersion = 50;
	objects = {

/* Begin PBXBuildFile section */
		52D1A5142153712E006361E7 /* AppDelegate.swift in Sources */ = {isa = PBXBuildFile; fileRef = 52D1A5132153712E006361E7 /* AppDelegate.swift */; };
		52D1A5162153712E006361E7 /* ViewController.swift in Sources */ = {isa = PBXBuildFile; fileRef = 52D1A5152153712E006361E7 /* ViewController.swift */; };
		52D1A5192153712E006361E7 /* Main.storyboard in Resources */ = {isa = PBXBuildFile; fileRef = 52D1A5172153712E006361E7 /* Main.storyboard */; };
		52D1A51B21537130006361E7 /* Assets.xcassets in Resources */ = {isa = PBXBuildFile; fileRef = 52D1A51A21537130006361E7 /* Assets.xcassets */; };
		52D1A51E21537130006361E7 /* LaunchScreen.storyboard in Resources */ = {isa = PBXBuildFile; fileRef = 52D1A51C21537130006361E7 /* LaunchScreen.storyboard */; };
		52D1A52921537130006361E7 /* ConcentrationTests.swift in Sources */ = {isa = PBXBuildFile; fileRef = 52D1A52821537130006361E7 /* ConcentrationTests.swift */; };
		52D1A53421537130006361E7 /* ConcentrationUITests.swift in Sources */ = {isa = PBXBuildFile; fileRef = 52D1A53321537130006361E7 /* ConcentrationUITests.swift */; };
		52D1A5452153833D006361E7 /* Card.swift in Sources */ = {isa = PBXBuildFile; fileRef = 52D1A5442153833D006361E7 /* Card.swift */; };
		52D1A547215383BB006361E7 /* Concentration.swift in Sources */ = {isa = PBXBuildFile; fileRef = 52D1A546215383BB006361E7 /* Concentration.swift */; };
/* End PBXBuildFile section */

/* Begin PBXContainerItemProxy section */
		52D1A52521537130006361E7 /* PBXContainerItemProxy */ = {
			isa = PBXContainerItemProxy;
			containerPortal = 52D1A5082153712E006361E7 /* Project object */;
			proxyType = 1;
			remoteGlobalIDString = 52D1A50F2153712E006361E7;
			remoteInfo = Concentration;
		};
		52D1A53021537130006361E7 /* PBXContainerItemProxy */ = {
			isa = PBXContainerItemProxy;
			containerPortal = 52D1A5082153712E006361E7 /* Project object */;
			proxyType = 1;
			remoteGlobalIDString = 52D1A50F2153712E006361E7;
			remoteInfo = Concentration;
		};
/* End PBXContainerItemProxy section */

/* Begin PBXFileReference section */
		52D1A5102153712E006361E7 /* Concentration.app */ = {isa = PBXFileReference; explicitFileType = wrapper.application; includeInIndex = 0; path = Concentration.app; sourceTree = BUILT_PRODUCTS_DIR; };
		52D1A5132153712E006361E7 /* AppDelegate.swift */ = {isa = PBXFileReference; lastKnownFileType = sourcecode.swift; path = AppDelegate.swift; sourceTree = "<group>"; };
		52D1A5152153712E006361E7 /* ViewController.swift */ = {isa = PBXFileReference; lastKnownFileType = sourcecode.swift; path = ViewController.swift; sourceTree = "<group>"; };
		52D1A5182153712E006361E7 /* Base */ = {isa = PBXFileReference; lastKnownFileType = file.storyboard; name = Base; path = Base.lproj/Main.storyboard; sourceTree = "<group>"; };
		52D1A51A21537130006361E7 /* Assets.xcassets */ = {isa = PBXFileReference; lastKnownFileType = folder.assetcatalog; path = Assets.xcassets; sourceTree = "<group>"; };
		52D1A51D21537130006361E7 /* Base */ = {isa = PBXFileReference; lastKnownFileType = file.storyboard; name = Base; path = Base.lproj/LaunchScreen.storyboard; sourceTree = "<group>"; };
		52D1A51F21537130006361E7 /* Info.plist */ = {isa = PBXFileReference; lastKnownFileType = text.plist.xml; path = Info.plist; sourceTree = "<group>"; };
		52D1A52421537130006361E7 /* ConcentrationTests.xctest */ = {isa = PBXFileReference; explicitFileType = wrapper.cfbundle; includeInIndex = 0; path = ConcentrationTests.xctest; sourceTree = BUILT_PRODUCTS_DIR; };
		52D1A52821537130006361E7 /* ConcentrationTests.swift */ = {isa = PBXFileReference; lastKnownFileType = sourcecode.swift; path = ConcentrationTests.swift; sourceTree = "<group>"; };
		52D1A52A21537130006361E7 /* Info.plist */ = {isa = PBXFileReference; lastKnownFileType = text.plist.xml; path = Info.plist; sourceTree = "<group>"; };
		52D1A52F21537130006361E7 /* ConcentrationUITests.xctest */ = {isa = PBXFileReference; explicitFileType = wrapper.cfbundle; includeInIndex = 0; path = ConcentrationUITests.xctest; sourceTree = BUILT_PRODUCTS_DIR; };
		52D1A53321537130006361E7 /* ConcentrationUITests.swift */ = {isa = PBXFileReference; lastKnownFileType = sourcecode.swift; path = ConcentrationUITests.swift; sourceTree = "<group>"; };
		52D1A53521537130006361E7 /* Info.plist */ = {isa = PBXFileReference; lastKnownFileType = text.plist.xml; path = Info.plist; sourceTree = "<group>"; };
		52D1A5442153833D006361E7 /* Card.swift */ = {isa = PBXFileReference; lastKnownFileType = sourcecode.swift; path = Card.swift; sourceTree = "<group>"; };
		52D1A546215383BB006361E7 /* Concentration.swift */ = {isa = PBXFileReference; lastKnownFileType = sourcecode.swift; path = Concentration.swift; sourceTree = "<group>"; };
/* End PBXFileReference section */

/* Begin PBXFrameworksBuildPhase section */
		52D1A50D2153712E006361E7 /* Frameworks */ = {
			isa = PBXFrameworksBuildPhase;
			buildActionMask = 2147483647;
			files = (
			);
			runOnlyForDeploymentPostprocessing = 0;
		};
		52D1A52121537130006361E7 /* Frameworks */ = {
			isa = PBXFrameworksBuildPhase;
			buildActionMask = 2147483647;
			files = (
			);
			runOnlyForDeploymentPostprocessing = 0;
		};
		52D1A52C21537130006361E7 /* Frameworks */ = {
			isa = PBXFrameworksBuildPhase;
			buildActionMask = 2147483647;
			files = (
			);
			runOnlyForDeploymentPostprocessing = 0;
		};
/* End PBXFrameworksBuildPhase section */

/* Begin PBXGroup section */
		52D1A5072153712E006361E7 = {
			isa = PBXGroup;
			children = (
				52D1A5122153712E006361E7 /* Concentration */,
				52D1A52721537130006361E7 /* ConcentrationTests */,
				52D1A53221537130006361E7 /* ConcentrationUITests */,
				52D1A5112153712E006361E7 /* Products */,
			);
			sourceTree = "<group>";
		};
		52D1A5112153712E006361E7 /* Products */ = {
			isa = PBXGroup;
			children = (
				52D1A5102153712E006361E7 /* Concentration.app */,
				52D1A52421537130006361E7 /* ConcentrationTests.xctest */,
				52D1A52F21537130006361E7 /* ConcentrationUITests.xctest */,
			);
			name = Products;
			sourceTree = "<group>";
		};
		52D1A5122153712E006361E7 /* Concentration */ = {
			isa = PBXGroup;
			children = (
				52D1A5442153833D006361E7 /* Card.swift */,
				52D1A546215383BB006361E7 /* Concentration.swift */,
				52D1A5152153712E006361E7 /* ViewController.swift */,
				52D1A5172153712E006361E7 /* Main.storyboard */,
				52D1A54121537F23006361E7 /* Supporting Files */,
			);
			path = Concentration;
			sourceTree = "<group>";
		};
		52D1A52721537130006361E7 /* ConcentrationTests */ = {
			isa = PBXGroup;
			children = (
				52D1A52821537130006361E7 /* ConcentrationTests.swift */,
				52D1A52A21537130006361E7 /* Info.plist */,
			);
			path = ConcentrationTests;
			sourceTree = "<group>";
		};
		52D1A53221537130006361E7 /* ConcentrationUITests */ = {
			isa = PBXGroup;
			children = (
				52D1A53321537130006361E7 /* ConcentrationUITests.swift */,
				52D1A53521537130006361E7 /* Info.plist */,
			);
			path = ConcentrationUITests;
			sourceTree = "<group>";
		};
		52D1A54121537F23006361E7 /* Supporting Files */ = {
			isa = PBXGroup;
			children = (
				52D1A51F21537130006361E7 /* Info.plist */,
				52D1A5132153712E006361E7 /* AppDelegate.swift */,
				52D1A51A21537130006361E7 /* Assets.xcassets */,
				52D1A51C21537130006361E7 /* LaunchScreen.storyboard */,
			);
			path = "Supporting Files";
			sourceTree = "<group>";
		};
/* End PBXGroup section */

/* Begin PBXNativeTarget section */
		52D1A50F2153712E006361E7 /* Concentration */ = {
			isa = PBXNativeTarget;
			buildConfigurationList = 52D1A53821537130006361E7 /* Build configuration list for PBXNativeTarget "Concentration" */;
			buildPhases = (
				52D1A50C2153712E006361E7 /* Sources */,
				52D1A50D2153712E006361E7 /* Frameworks */,
				52D1A50E2153712E006361E7 /* Resources */,
			);
			buildRules = (
			);
			dependencies = (
			);
			name = Concentration;
			productName = Concentration;
			productReference = 52D1A5102153712E006361E7 /* Concentration.app */;
			productType = "com.apple.product-type.application";
		};
		52D1A52321537130006361E7 /* ConcentrationTests */ = {
			isa = PBXNativeTarget;
			buildConfigurationList = 52D1A53B21537130006361E7 /* Build configuration list for PBXNativeTarget "ConcentrationTests" */;
			buildPhases = (
				52D1A52021537130006361E7 /* Sources */,
				52D1A52121537130006361E7 /* Frameworks */,
				52D1A52221537130006361E7 /* Resources */,
			);
			buildRules = (
			);
			dependencies = (
				52D1A52621537130006361E7 /* PBXTargetDependency */,
			);
			name = ConcentrationTests;
			productName = ConcentrationTests;
			productReference = 52D1A52421537130006361E7 /* ConcentrationTests.xctest */;
			productType = "com.apple.product-type.bundle.unit-test";
		};
		52D1A52E21537130006361E7 /* ConcentrationUITests */ = {
			isa = PBXNativeTarget;
			buildConfigurationList = 52D1A53E21537130006361E7 /* Build configuration list for PBXNativeTarget "ConcentrationUITests" */;
			buildPhases = (
				52D1A52B21537130006361E7 /* Sources */,
				52D1A52C21537130006361E7 /* Frameworks */,
				52D1A52D21537130006361E7 /* Resources */,
			);
			buildRules = (
			);
			dependencies = (
				52D1A53121537130006361E7 /* PBXTargetDependency */,
			);
			name = ConcentrationUITests;
			productName = ConcentrationUITests;
			productReference = 52D1A52F21537130006361E7 /* ConcentrationUITests.xctest */;
			productType = "com.apple.product-type.bundle.ui-testing";
		};
/* End PBXNativeTarget section */

/* Begin PBXProject section */
		52D1A5082153712E006361E7 /* Project object */ = {
			isa = PBXProject;
			attributes = {
				LastSwiftUpdateCheck = 1000;
				LastUpgradeCheck = 1000;
				ORGANIZATIONNAME = John;
				TargetAttributes = {
					52D1A50F2153712E006361E7 = {
						CreatedOnToolsVersion = 10.0;
					};
					52D1A52321537130006361E7 = {
						CreatedOnToolsVersion = 10.0;
						TestTargetID = 52D1A50F2153712E006361E7;
					};
					52D1A52E21537130006361E7 = {
						CreatedOnToolsVersion = 10.0;
						TestTargetID = 52D1A50F2153712E006361E7;
					};
				};
			};
			buildConfigurationList = 52D1A50B2153712E006361E7 /* Build configuration list for PBXProject "Concentration" */;
			compatibilityVersion = "Xcode 9.3";
			developmentRegion = en;
			hasScannedForEncodings = 0;
			knownRegions = (
				en,
				Base,
			);
			mainGroup = 52D1A5072153712E006361E7;
			productRefGroup = 52D1A5112153712E006361E7 /* Products */;
			projectDirPath = "";
			projectRoot = "";
			targets = (
				52D1A50F2153712E006361E7 /* Concentration */,
				52D1A52321537130006361E7 /* ConcentrationTests */,
				52D1A52E21537130006361E7 /* ConcentrationUITests */,
			);
		};
/* End PBXProject section */

/* Begin PBXResourcesBuildPhase section */
		52D1A50E2153712E006361E7 /* Resources */ = {
			isa = PBXResourcesBuildPhase;
			buildActionMask = 2147483647;
			files = (
				52D1A51E21537130006361E7 /* LaunchScreen.storyboard in Resources */,
				52D1A51B21537130006361E7 /* Assets.xcassets in Resources */,
				52D1A5192153712E006361E7 /* Main.storyboard in Resources */,
			);
			runOnlyForDeploymentPostprocessing = 0;
		};
		52D1A52221537130006361E7 /* Resources */ = {
			isa = PBXResourcesBuildPhase;
			buildActionMask = 2147483647;
			files = (
			);
			runOnlyForDeploymentPostprocessing = 0;
		};
		52D1A52D21537130006361E7 /* Resources */ = {
			isa = PBXResourcesBuildPhase;
			buildActionMask = 2147483647;
			files = (
			);
			runOnlyForDeploymentPostprocessing = 0;
		};
/* End PBXResourcesBuildPhase section */

/* Begin PBXSourcesBuildPhase section */
		52D1A50C2153712E006361E7 /* Sources */ = {
			isa = PBXSourcesBuildPhase;
			buildActionMask = 2147483647;
			files = (
				52D1A5162153712E006361E7 /* ViewController.swift in Sources */,
				52D1A547215383BB006361E7 /* Concentration.swift in Sources */,
				52D1A5452153833D006361E7 /* Card.swift in Sources */,
				52D1A5142153712E006361E7 /* AppDelegate.swift in Sources */,
			);
			runOnlyForDeploymentPostprocessing = 0;
		};
		52D1A52021537130006361E7 /* Sources */ = {
			isa = PBXSourcesBuildPhase;
			buildActionMask = 2147483647;
			files = (
				52D1A52921537130006361E7 /* ConcentrationTests.swift in Sources */,
			);
			runOnlyForDeploymentPostprocessing = 0;
		};
		52D1A52B21537130006361E7 /* Sources */ = {
			isa = PBXSourcesBuildPhase;
			buildActionMask = 2147483647;
			files = (
				52D1A53421537130006361E7 /* ConcentrationUITests.swift in Sources */,
			);
			runOnlyForDeploymentPostprocessing = 0;
		};
/* End PBXSourcesBuildPhase section */

/* Begin PBXTargetDependency section */
		52D1A52621537130006361E7 /* PBXTargetDependency */ = {
			isa = PBXTargetDependency;
			target = 52D1A50F2153712E006361E7 /* Concentration */;
			targetProxy = 52D1A52521537130006361E7 /* PBXContainerItemProxy */;
		};
		52D1A53121537130006361E7 /* PBXTargetDependency */ = {
			isa = PBXTargetDependency;
			target = 52D1A50F2153712E006361E7 /* Concentration */;
			targetProxy = 52D1A53021537130006361E7 /* PBXContainerItemProxy */;
		};
/* End PBXTargetDependency section */

/* Begin PBXVariantGroup section */
		52D1A5172153712E006361E7 /* Main.storyboard */ = {
			isa = PBXVariantGroup;
			children = (
				52D1A5182153712E006361E7 /* Base */,
			);
			name = Main.storyboard;
			sourceTree = "<group>";
		};
		52D1A51C21537130006361E7 /* LaunchScreen.storyboard */ = {
			isa = PBXVariantGroup;
			children = (
				52D1A51D21537130006361E7 /* Base */,
			);
			name = LaunchScreen.storyboard;
			sourceTree = "<group>";
		};
/* End PBXVariantGroup section */

/* Begin XCBuildConfiguration section */
		52D1A53621537130006361E7 /* Debug */ = {
			isa = XCBuildConfiguration;
			buildSettings = {
				ALWAYS_SEARCH_USER_PATHS = NO;
				CLANG_ANALYZER_NONNULL = YES;
				CLANG_ANALYZER_NUMBER_OBJECT_CONVERSION = YES_AGGRESSIVE;
				CLANG_CXX_LANGUAGE_STANDARD = "gnu++14";
				CLANG_CXX_LIBRARY = "libc++";
				CLANG_ENABLE_MODULES = YES;
				CLANG_ENABLE_OBJC_ARC = YES;
				CLANG_ENABLE_OBJC_WEAK = YES;
				CLANG_WARN_BLOCK_CAPTURE_AUTORELEASING = YES;
				CLANG_WARN_BOOL_CONVERSION = YES;
				CLANG_WARN_COMMA = YES;
				CLANG_WARN_CONSTANT_CONVERSION = YES;
				CLANG_WARN_DEPRECATED_OBJC_IMPLEMENTATIONS = YES;
				CLANG_WARN_DIRECT_OBJC_ISA_USAGE = YES_ERROR;
				CLANG_WARN_DOCUMENTATION_COMMENTS = YES;
				CLANG_WARN_EMPTY_BODY = YES;
				CLANG_WARN_ENUM_CONVERSION = YES;
				CLANG_WARN_INFINITE_RECURSION = YES;
				CLANG_WARN_INT_CONVERSION = YES;
				CLANG_WARN_NON_LITERAL_NULL_CONVERSION = YES;
				CLANG_WARN_OBJC_IMPLICIT_RETAIN_SELF = YES;
				CLANG_WARN_OBJC_LITERAL_CONVERSION = YES;
				CLANG_WARN_OBJC_ROOT_CLASS = YES_ERROR;
				CLANG_WARN_RANGE_LOOP_ANALYSIS = YES;
				CLANG_WARN_STRICT_PROTOTYPES = YES;
				CLANG_WARN_SUSPICIOUS_MOVE = YES;
				CLANG_WARN_UNGUARDED_AVAILABILITY = YES_AGGRESSIVE;
				CLANG_WARN_UNREACHABLE_CODE = YES;
				CLANG_WARN__DUPLICATE_METHOD_MATCH = YES;
				CODE_SIGN_IDENTITY = "iPhone Developer";
				COPY_PHASE_STRIP = NO;
				DEBUG_INFORMATION_FORMAT = dwarf;
				ENABLE_STRICT_OBJC_MSGSEND = YES;
				ENABLE_TESTABILITY = YES;
				GCC_C_LANGUAGE_STANDARD = gnu11;
				GCC_DYNAMIC_NO_PIC = NO;
				GCC_NO_COMMON_BLOCKS = YES;
				GCC_OPTIMIZATION_LEVEL = 0;
				GCC_PREPROCESSOR_DEFINITIONS = (
					"DEBUG=1",
					"$(inherited)",
				);
				GCC_WARN_64_TO_32_BIT_CONVERSION = YES;
				GCC_WARN_ABOUT_RETURN_TYPE = YES_ERROR;
				GCC_WARN_UNDECLARED_SELECTOR = YES;
				GCC_WARN_UNINITIALIZED_AUTOS = YES_AGGRESSIVE;
				GCC_WARN_UNUSED_FUNCTION = YES;
				GCC_WARN_UNUSED_VARIABLE = YES;
				IPHONEOS_DEPLOYMENT_TARGET = 12.0;
				MTL_ENABLE_DEBUG_INFO = INCLUDE_SOURCE;
				MTL_FAST_MATH = YES;
				ONLY_ACTIVE_ARCH = YES;
				SDKROOT = iphoneos;
				SWIFT_ACTIVE_COMPILATION_CONDITIONS = DEBUG;
				SWIFT_OPTIMIZATION_LEVEL = "-Onone";
			};
			name = Debug;
		};
		52D1A53721537130006361E7 /* Release */ = {
			isa = XCBuildConfiguration;
			buildSettings = {
				ALWAYS_SEARCH_USER_PATHS = NO;
				CLANG_ANALYZER_NONNULL = YES;
				CLANG_ANALYZER_NUMBER_OBJECT_CONVERSION = YES_AGGRESSIVE;
				CLANG_CXX_LANGUAGE_STANDARD = "gnu++14";
				CLANG_CXX_LIBRARY = "libc++";
				CLANG_ENABLE_MODULES = YES;
				CLANG_ENABLE_OBJC_ARC = YES;
				CLANG_ENABLE_OBJC_WEAK = YES;
				CLANG_WARN_BLOCK_CAPTURE_AUTORELEASING = YES;
				CLANG_WARN_BOOL_CONVERSION = YES;
				CLANG_WARN_COMMA = YES;
				CLANG_WARN_CONSTANT_CONVERSION = YES;
				CLANG_WARN_DEPRECATED_OBJC_IMPLEMENTATIONS = YES;
				CLANG_WARN_DIRECT_OBJC_ISA_USAGE = YES_ERROR;
				CLANG_WARN_DOCUMENTATION_COMMENTS = YES;
				CLANG_WARN_EMPTY_BODY = YES;
				CLANG_WARN_ENUM_CONVERSION = YES;
				CLANG_WARN_INFINITE_RECURSION = YES;
				CLANG_WARN_INT_CONVERSION = YES;
				CLANG_WARN_NON_LITERAL_NULL_CONVERSION = YES;
				CLANG_WARN_OBJC_IMPLICIT_RETAIN_SELF = YES;
				CLANG_WARN_OBJC_LITERAL_CONVERSION = YES;
				CLANG_WARN_OBJC_ROOT_CLASS = YES_ERROR;
				CLANG_WARN_RANGE_LOOP_ANALYSIS = YES;
				CLANG_WARN_STRICT_PROTOTYPES = YES;
				CLANG_WARN_SUSPICIOUS_MOVE = YES;
				CLANG_WARN_UNGUARDED_AVAILABILITY = YES_AGGRESSIVE;
				CLANG_WARN_UNREACHABLE_CODE = YES;
				CLANG_WARN__DUPLICATE_METHOD_MATCH = YES;
				CODE_SIGN_IDENTITY = "iPhone Developer";
				COPY_PHASE_STRIP = NO;
				DEBUG_INFORMATION_FORMAT = "dwarf-with-dsym";
				ENABLE_NS_ASSERTIONS = NO;
				ENABLE_STRICT_OBJC_MSGSEND = YES;
				GCC_C_LANGUAGE_STANDARD = gnu11;
				GCC_NO_COMMON_BLOCKS = YES;
				GCC_WARN_64_TO_32_BIT_CONVERSION = YES;
				GCC_WARN_ABOUT_RETURN_TYPE = YES_ERROR;
				GCC_WARN_UNDECLARED_SELECTOR = YES;
				GCC_WARN_UNINITIALIZED_AUTOS = YES_AGGRESSIVE;
				GCC_WARN_UNUSED_FUNCTION = YES;
				GCC_WARN_UNUSED_VARIABLE = YES;
				IPHONEOS_DEPLOYMENT_TARGET = 12.0;
				MTL_ENABLE_DEBUG_INFO = NO;
				MTL_FAST_MATH = YES;
				SDKROOT = iphoneos;
				SWIFT_COMPILATION_MODE = wholemodule;
				SWIFT_OPTIMIZATION_LEVEL = "-O";
				VALIDATE_PRODUCT = YES;
			};
			name = Release;
		};
		52D1A53921537130006361E7 /* Debug */ = {
			isa = XCBuildConfiguration;
			buildSettings = {
				ASSETCATALOG_COMPILER_APPICON_NAME = AppIcon;
				CODE_SIGN_STYLE = Automatic;
				DEVELOPMENT_TEAM = S9RF67765F;
				INFOPLIST_FILE = "Concentration/Supporting Files/Info.plist";
				LD_RUNPATH_SEARCH_PATHS = (
					"$(inherited)",
					"@executable_path/Frameworks",
				);
				PRODUCT_BUNDLE_IDENTIFIER = com.phenix.Concentration;
				PRODUCT_NAME = "$(TARGET_NAME)";
				SWIFT_VERSION = 4.2;
				TARGETED_DEVICE_FAMILY = "1,2";
			};
			name = Debug;
		};
		52D1A53A21537130006361E7 /* Release */ = {
			isa = XCBuildConfiguration;
			buildSettings = {
				ASSETCATALOG_COMPILER_APPICON_NAME = AppIcon;
				CODE_SIGN_STYLE = Automatic;
				DEVELOPMENT_TEAM = S9RF67765F;
				INFOPLIST_FILE = "Concentration/Supporting Files/Info.plist";
				LD_RUNPATH_SEARCH_PATHS = (
					"$(inherited)",
					"@executable_path/Frameworks",
				);
				PRODUCT_BUNDLE_IDENTIFIER = com.phenix.Concentration;
				PRODUCT_NAME = "$(TARGET_NAME)";
				SWIFT_VERSION = 4.2;
				TARGETED_DEVICE_FAMILY = "1,2";
			};
			name = Release;
		};
		52D1A53C21537130006361E7 /* Debug */ = {
			isa = XCBuildConfiguration;
			buildSettings = {
				ALWAYS_EMBED_SWIFT_STANDARD_LIBRARIES = YES;
				BUNDLE_LOADER = "$(TEST_HOST)";
				CODE_SIGN_STYLE = Automatic;
				DEVELOPMENT_TEAM = S9RF67765F;
				INFOPLIST_FILE = ConcentrationTests/Info.plist;
				LD_RUNPATH_SEARCH_PATHS = (
					"$(inherited)",
					"@executable_path/Frameworks",
					"@loader_path/Frameworks",
				);
				PRODUCT_BUNDLE_IDENTIFIER = com.phenix.ConcentrationTests;
				PRODUCT_NAME = "$(TARGET_NAME)";
				SWIFT_VERSION = 4.2;
				TARGETED_DEVICE_FAMILY = "1,2";
				TEST_HOST = "$(BUILT_PRODUCTS_DIR)/Concentration.app/Concentration";
			};
			name = Debug;
		};
		52D1A53D21537130006361E7 /* Release */ = {
			isa = XCBuildConfiguration;
			buildSettings = {
				ALWAYS_EMBED_SWIFT_STANDARD_LIBRARIES = YES;
				BUNDLE_LOADER = "$(TEST_HOST)";
				CODE_SIGN_STYLE = Automatic;
				DEVELOPMENT_TEAM = S9RF67765F;
				INFOPLIST_FILE = ConcentrationTests/Info.plist;
				LD_RUNPATH_SEARCH_PATHS = (
					"$(inherited)",
					"@executable_path/Frameworks",
					"@loader_path/Frameworks",
				);
				PRODUCT_BUNDLE_IDENTIFIER = com.phenix.ConcentrationTests;
				PRODUCT_NAME = "$(TARGET_NAME)";
				SWIFT_VERSION = 4.2;
				TARGETED_DEVICE_FAMILY = "1,2";
				TEST_HOST = "$(BUILT_PRODUCTS_DIR)/Concentration.app/Concentration";
			};
			name = Release;
		};
		52D1A53F21537130006361E7 /* Debug */ = {
			isa = XCBuildConfiguration;
			buildSettings = {
				ALWAYS_EMBED_SWIFT_STANDARD_LIBRARIES = YES;
				CODE_SIGN_STYLE = Automatic;
				DEVELOPMENT_TEAM = S9RF67765F;
				INFOPLIST_FILE = ConcentrationUITests/Info.plist;
				LD_RUNPATH_SEARCH_PATHS = (
					"$(inherited)",
					"@executable_path/Frameworks",
					"@loader_path/Frameworks",
				);
				PRODUCT_BUNDLE_IDENTIFIER = com.phenix.ConcentrationUITests;
				PRODUCT_NAME = "$(TARGET_NAME)";
				SWIFT_VERSION = 4.2;
				TARGETED_DEVICE_FAMILY = "1,2";
				TEST_TARGET_NAME = Concentration;
			};
			name = Debug;
		};
		52D1A54021537130006361E7 /* Release */ = {
			isa = XCBuildConfiguration;
			buildSettings = {
				ALWAYS_EMBED_SWIFT_STANDARD_LIBRARIES = YES;
				CODE_SIGN_STYLE = Automatic;
				DEVELOPMENT_TEAM = S9RF67765F;
				INFOPLIST_FILE = ConcentrationUITests/Info.plist;
				LD_RUNPATH_SEARCH_PATHS = (
					"$(inherited)",
					"@executable_path/Frameworks",
					"@loader_path/Frameworks",
				);
				PRODUCT_BUNDLE_IDENTIFIER = com.phenix.ConcentrationUITests;
				PRODUCT_NAME = "$(TARGET_NAME)";
				SWIFT_VERSION = 4.2;
				TARGETED_DEVICE_FAMILY = "1,2";
				TEST_TARGET_NAME = Concentration;
			};
			name = Release;
		};
/* End XCBuildConfiguration section */

/* Begin XCConfigurationList section */
		52D1A50B2153712E006361E7 /* Build configuration list for PBXProject "Concentration" */ = {
			isa = XCConfigurationList;
			buildConfigurations = (
				52D1A53621537130006361E7 /* Debug */,
				52D1A53721537130006361E7 /* Release */,
			);
			defaultConfigurationIsVisible = 0;
			defaultConfigurationName = Release;
		};
		52D1A53821537130006361E7 /* Build configuration list for PBXNativeTarget "Concentration" */ = {
			isa = XCConfigurationList;
			buildConfigurations = (
				52D1A53921537130006361E7 /* Debug */,
				52D1A53A21537130006361E7 /* Release */,
			);
			defaultConfigurationIsVisible = 0;
			defaultConfigurationName = Release;
		};
		52D1A53B21537130006361E7 /* Build configuration list for PBXNativeTarget "ConcentrationTests" */ = {
			isa = XCConfigurationList;
			buildConfigurations = (
				52D1A53C21537130006361E7 /* Debug */,
				52D1A53D21537130006361E7 /* Release */,
			);
			defaultConfigurationIsVisible = 0;
			defaultConfigurationName = Release;
		};
		52D1A53E21537130006361E7 /* Build configuration list for PBXNativeTarget "ConcentrationUITests" */ = {
			isa = XCConfigurationList;
			buildConfigurations = (
				52D1A53F21537130006361E7 /* Debug */,
				52D1A54021537130006361E7 /* Release */,
			);
			defaultConfigurationIsVisible = 0;
			defaultConfigurationName = Release;
		};
/* End XCConfigurationList section */
	};
	rootObject = 52D1A5082153712E006361E7 /* Project object */;
}
